
Microsoft Visual Studio Solution File, Format Version 12.00
# Visual Studio Version 17
VisualStudioVersion = 17.1.32210.238
MinimumVisualStudioVersion = 10.0.40219.1
Project("{9A19103F-16F7-4668-BE54-9A1E7A4F7556}") = "Review.API", "Review.API\Review.API.csproj", "{B601931E-FE2B-44D1-879D-C69CAB7217CF}"
EndProject
Project("{9A19103F-16F7-4668-BE54-9A1E7A4F7556}") = "Review.Contract", "Review.Contrast\Review.Contract.csproj", "{2B69DBDA-56D9-4303-AF9D-3B7015E01A63}"
EndProject
Project("{9A19103F-16F7-4668-BE54-9A1E7A4F7556}") = "Review.Model", "Review.Model\Review.Model.csproj", "{B2CD40E5-AD74-4BFC-AC36-3B00B5E60159}"
EndProject
Project("{9A19103F-16F7-4668-BE54-9A1E7A4F7556}") = "Review.Service", "Review.Service\Review.Service.csproj", "{461A1493-FAC6-4D8E-94F5-8EB6567EFD9C}"
EndProject
Project("{9A19103F-16F7-4668-BE54-9A1E7A4F7556}") = "Review.Repository", "Review.Repository\Review.Repository.csproj", "{4DA7B269-1F31-4551-B15C-DACDBA1838E3}"
EndProject
Project("{FAE04EC0-301F-11D3-BF4B-00C04F79EFBC}") = "Review.Test", "Review.Test\Review.Test.csproj", "{960DFFE2-FF96-4295-96E6-C3AE27E1AD2A}"
EndProject
Project("{2150E333-8FDC-42A3-9474-1A3956D46DE8}") = "Base", "Base", "{BAEDF600-7FB0-475A-8A04-D266E474DC62}"
EndProject
Project("{FAE04EC0-301F-11D3-BF4B-00C04F79EFBC}") = "Review.Base", "Review.Base\Review.Base.csproj", "{041E23A9-55BC-46EA-8102-7FB020633083}"
EndProject
Global
	GlobalSection(SolutionConfigurationPlatforms) = preSolution
		Debug|Any CPU = Debug|Any CPU
		Release|Any CPU = Release|Any CPU
	EndGlobalSection
	GlobalSection(ProjectConfigurationPlatforms) = postSolution
		{B601931E-FE2B-44D1-879D-C69CAB7217CF}.Debug|Any CPU.ActiveCfg = Debug|Any CPU
		{B601931E-FE2B-44D1-879D-C69CAB7217CF}.Debug|Any CPU.Build.0 = Debug|Any CPU
		{B601931E-FE2B-44D1-879D-C69CAB7217CF}.Release|Any CPU.ActiveCfg = Release|Any CPU
		{B601931E-FE2B-44D1-879D-C69CAB7217CF}.Release|Any CPU.Build.0 = Release|Any CPU
		{2B69DBDA-56D9-4303-AF9D-3B7015E01A63}.Debug|Any CPU.ActiveCfg = Debug|Any CPU
		{2B69DBDA-56D9-4303-AF9D-3B7015E01A63}.Debug|Any CPU.Build.0 = Debug|Any CPU
		{2B69DBDA-56D9-4303-AF9D-3B7015E01A63}.Release|Any CPU.ActiveCfg = Release|Any CPU
		{2B69DBDA-56D9-4303-AF9D-3B7015E01A63}.Release|Any CPU.Build.0 = Release|Any CPU
		{B2CD40E5-AD74-4BFC-AC36-3B00B5E60159}.Debug|Any CPU.ActiveCfg = Debug|Any CPU
		{B2CD40E5-AD74-4BFC-AC36-3B00B5E60159}.Debug|Any CPU.Build.0 = Debug|Any CPU
		{B2CD40E5-AD74-4BFC-AC36-3B00B5E60159}.Release|Any CPU.ActiveCfg = Release|Any CPU
		{B2CD40E5-AD74-4BFC-AC36-3B00B5E60159}.Release|Any CPU.Build.0 = Release|Any CPU
		{461A1493-FAC6-4D8E-94F5-8EB6567EFD9C}.Debug|Any CPU.ActiveCfg = Debug|Any CPU
		{461A1493-FAC6-4D8E-94F5-8EB6567EFD9C}.Debug|Any CPU.Build.0 = Debug|Any CPU
		{461A1493-FAC6-4D8E-94F5-8EB6567EFD9C}.Release|Any CPU.ActiveCfg = Release|Any CPU
		{461A1493-FAC6-4D8E-94F5-8EB6567EFD9C}.Release|Any CPU.Build.0 = Release|Any CPU
		{4DA7B269-1F31-4551-B15C-DACDBA1838E3}.Debug|Any CPU.ActiveCfg = Debug|Any CPU
		{4DA7B269-1F31-4551-B15C-DACDBA1838E3}.Debug|Any CPU.Build.0 = Debug|Any CPU
		{4DA7B269-1F31-4551-B15C-DACDBA1838E3}.Release|Any CPU.ActiveCfg = Release|Any CPU
		{4DA7B269-1F31-4551-B15C-DACDBA1838E3}.Release|Any CPU.Build.0 = Release|Any CPU
		{960DFFE2-FF96-4295-96E6-C3AE27E1AD2A}.Debug|Any CPU.ActiveCfg = Debug|Any CPU
		{960DFFE2-FF96-4295-96E6-C3AE27E1AD2A}.Debug|Any CPU.Build.0 = Debug|Any CPU
		{960DFFE2-FF96-4295-96E6-C3AE27E1AD2A}.Release|Any CPU.ActiveCfg = Release|Any CPU
		{960DFFE2-FF96-4295-96E6-C3AE27E1AD2A}.Release|Any CPU.Build.0 = Release|Any CPU
		{041E23A9-55BC-46EA-8102-7FB020633083}.Debug|Any CPU.ActiveCfg = Debug|Any CPU
		{041E23A9-55BC-46EA-8102-7FB020633083}.Debug|Any CPU.Build.0 = Debug|Any CPU
		{041E23A9-55BC-46EA-8102-7FB020633083}.Release|Any CPU.ActiveCfg = Release|Any CPU
		{041E23A9-55BC-46EA-8102-7FB020633083}.Release|Any CPU.Build.0 = Release|Any CPU
	EndGlobalSection
	GlobalSection(SolutionProperties) = preSolution
		HideSolutionNode = FALSE
	EndGlobalSection
	GlobalSection(NestedProjects) = preSolution
		{041E23A9-55BC-46EA-8102-7FB020633083} = {BAEDF600-7FB0-475A-8A04-D266E474DC62}
	EndGlobalSection
	GlobalSection(ExtensibilityGlobals) = postSolution
		SolutionGuid = {A24BEE62-DA11-40AA-BB06-EAC09DBC369D}
	EndGlobalSection
EndGlobal
